
Microsoft Visual Studio Solution File, Format Version 12.00
# Visual Studio Version 17
VisualStudioVersion = 17.3.32825.248
MinimumVisualStudioVersion = 10.0.40219.1
Project("{9A19103F-16F7-4668-BE54-9A1E7A4F7556}") = "Test_Project", "Test_Project\Test_Project.csproj", "{648AC780-2912-4C22-A90C-39912AF6404C}"
EndProject
Project("{9A19103F-16F7-4668-BE54-9A1E7A4F7556}") = "01_ValueTypesAndReferenceTypes", "01_ValueTypesAndReferenceTypes\01_ValueTypesAndReferenceTypes.csproj", "{157E6544-DD69-4515-BB89-AF4B7DEFA7AB}"
EndProject
Project("{9A19103F-16F7-4668-BE54-9A1E7A4F7556}") = "02_NullabelDatatypes", "02_NullabelDatatypes\02_NullabelDatatypes.csproj", "{6BD1BF65-644E-4253-9914-B5DE756C364E}"
EndProject
Project("{9A19103F-16F7-4668-BE54-9A1E7A4F7556}") = "03_CallByValueCallByReference", "03_CallByValueCallByReference\03_CallByValueCallByReference.csproj", "{0A14B10A-6CE2-4EDD-B800-3A1B1B024A41}"
EndProject
Project("{9A19103F-16F7-4668-BE54-9A1E7A4F7556}") = "04_TryParse", "04_TryParse\04_TryParse.csproj", "{D28BCFF7-0574-4CB1-98E1-31E386AD9779}"
EndProject
Project("{FAE04EC0-301F-11D3-BF4B-00C04F79EFBC}") = "05Namespaces", "05Namespaces\05Namespaces.csproj", "{731A96E6-671A-47D7-B871-2706E29857EF}"
EndProject
Global
	GlobalSection(SolutionConfigurationPlatforms) = preSolution
		Debug|Any CPU = Debug|Any CPU
		Release|Any CPU = Release|Any CPU
	EndGlobalSection
	GlobalSection(ProjectConfigurationPlatforms) = postSolution
		{648AC780-2912-4C22-A90C-39912AF6404C}.Debug|Any CPU.ActiveCfg = Debug|Any CPU
		{648AC780-2912-4C22-A90C-39912AF6404C}.Debug|Any CPU.Build.0 = Debug|Any CPU
		{648AC780-2912-4C22-A90C-39912AF6404C}.Release|Any CPU.ActiveCfg = Release|Any CPU
		{648AC780-2912-4C22-A90C-39912AF6404C}.Release|Any CPU.Build.0 = Release|Any CPU
		{157E6544-DD69-4515-BB89-AF4B7DEFA7AB}.Debug|Any CPU.ActiveCfg = Debug|Any CPU
		{157E6544-DD69-4515-BB89-AF4B7DEFA7AB}.Debug|Any CPU.Build.0 = Debug|Any CPU
		{157E6544-DD69-4515-BB89-AF4B7DEFA7AB}.Release|Any CPU.ActiveCfg = Release|Any CPU
		{157E6544-DD69-4515-BB89-AF4B7DEFA7AB}.Release|Any CPU.Build.0 = Release|Any CPU
		{6BD1BF65-644E-4253-9914-B5DE756C364E}.Debug|Any CPU.ActiveCfg = Debug|Any CPU
		{6BD1BF65-644E-4253-9914-B5DE756C364E}.Debug|Any CPU.Build.0 = Debug|Any CPU
		{6BD1BF65-644E-4253-9914-B5DE756C364E}.Release|Any CPU.ActiveCfg = Release|Any CPU
		{6BD1BF65-644E-4253-9914-B5DE756C364E}.Release|Any CPU.Build.0 = Release|Any CPU
		{0A14B10A-6CE2-4EDD-B800-3A1B1B024A41}.Debug|Any CPU.ActiveCfg = Debug|Any CPU
		{0A14B10A-6CE2-4EDD-B800-3A1B1B024A41}.Debug|Any CPU.Build.0 = Debug|Any CPU
		{0A14B10A-6CE2-4EDD-B800-3A1B1B024A41}.Release|Any CPU.ActiveCfg = Release|Any CPU
		{0A14B10A-6CE2-4EDD-B800-3A1B1B024A41}.Release|Any CPU.Build.0 = Release|Any CPU
		{D28BCFF7-0574-4CB1-98E1-31E386AD9779}.Debug|Any CPU.ActiveCfg = Debug|Any CPU
		{D28BCFF7-0574-4CB1-98E1-31E386AD9779}.Debug|Any CPU.Build.0 = Debug|Any CPU
		{D28BCFF7-0574-4CB1-98E1-31E386AD9779}.Release|Any CPU.ActiveCfg = Release|Any CPU
		{D28BCFF7-0574-4CB1-98E1-31E386AD9779}.Release|Any CPU.Build.0 = Release|Any CPU
		{731A96E6-671A-47D7-B871-2706E29857EF}.Debug|Any CPU.ActiveCfg = Debug|Any CPU
		{731A96E6-671A-47D7-B871-2706E29857EF}.Debug|Any CPU.Build.0 = Debug|Any CPU
		{731A96E6-671A-47D7-B871-2706E29857EF}.Release|Any CPU.ActiveCfg = Release|Any CPU
		{731A96E6-671A-47D7-B871-2706E29857EF}.Release|Any CPU.Build.0 = Release|Any CPU
	EndGlobalSection
	GlobalSection(SolutionProperties) = preSolution
		HideSolutionNode = FALSE
	EndGlobalSection
	GlobalSection(ExtensibilityGlobals) = postSolution
		SolutionGuid = {77C1C92F-32EB-4900-B1BE-CD035E204029}
	EndGlobalSection
EndGlobal
